
Microsoft Visual Studio Solution File, Format Version 12.00
# Visual Studio Version 17
VisualStudioVersion = 17.4.33403.182
MinimumVisualStudioVersion = 10.0.40219.1
Project("{9A19103F-16F7-4668-BE54-9A1E7A4F7556}") = "MVP", "Practicum\MVP.csproj", "{02D3B37E-A735-4ACF-9955-BC9055C94D2F}"
EndProject
Global
	GlobalSection(SolutionConfigurationPlatforms) = preSolution
		Debug|Any CPU = Debug|Any CPU
		Release|Any CPU = Release|Any CPU
	EndGlobalSection
	GlobalSection(ProjectConfigurationPlatforms) = postSolution
		{02D3B37E-A735-4ACF-9955-BC9055C94D2F}.Debug|Any CPU.ActiveCfg = Debug|Any CPU
		{02D3B37E-A735-4ACF-9955-BC9055C94D2F}.Debug|Any CPU.Build.0 = Debug|Any CPU
		{02D3B37E-A735-4ACF-9955-BC9055C94D2F}.Release|Any CPU.ActiveCfg = Release|Any CPU
		{02D3B37E-A735-4ACF-9955-BC9055C94D2F}.Release|Any CPU.Build.0 = Release|Any CPU
	EndGlobalSection
	GlobalSection(SolutionProperties) = preSolution
		HideSolutionNode = FALSE
	EndGlobalSection
	GlobalSection(ExtensibilityGlobals) = postSolution
		SolutionGuid = {ACBC10E2-76AA-4FB3-8E97-D46DD724FC88}
	EndGlobalSection
EndGlobal
